
Microsoft Visual Studio Solution File, Format Version 12.00
# Visual Studio Version 17
VisualStudioVersion = 17.1.32319.34
MinimumVisualStudioVersion = 10.0.40219.1
Project("{9A19103F-16F7-4668-BE54-9A1E7A4F7556}") = "ListasSimplementeLigadas", "ListasSimplementeLigadas\ListasSimplementeLigadas.csproj", "{7A7A13B0-5822-4EB2-8AB0-7DD35887E081}"
EndProject
Project("{9A19103F-16F7-4668-BE54-9A1E7A4F7556}") = "ListasDobleMenteLigadas", "ListasDobleMenteLigadas\ListasDobleMenteLigadas.csproj", "{B4F139A3-D52A-4086-9B93-6CAD04C3742A}"
EndProject
Project("{9A19103F-16F7-4668-BE54-9A1E7A4F7556}") = "ListasCirculares", "ListasCirculares\ListasCirculares.csproj", "{A5F9478E-CB1D-461A-A4F5-04CAD81C47C6}"
EndProject
Project("{FAE04EC0-301F-11D3-BF4B-00C04F79EFBC}") = "ListasDobleMenteCirculares", "ListasDobleMenteCirculares\ListasDobleMenteCirculares.csproj", "{D56336D0-4F87-479D-BCB4-8C0DD696DE5E}"
EndProject
Global
	GlobalSection(SolutionConfigurationPlatforms) = preSolution
		Debug|Any CPU = Debug|Any CPU
		Release|Any CPU = Release|Any CPU
	EndGlobalSection
	GlobalSection(ProjectConfigurationPlatforms) = postSolution
		{7A7A13B0-5822-4EB2-8AB0-7DD35887E081}.Debug|Any CPU.ActiveCfg = Debug|Any CPU
		{7A7A13B0-5822-4EB2-8AB0-7DD35887E081}.Debug|Any CPU.Build.0 = Debug|Any CPU
		{7A7A13B0-5822-4EB2-8AB0-7DD35887E081}.Release|Any CPU.ActiveCfg = Release|Any CPU
		{7A7A13B0-5822-4EB2-8AB0-7DD35887E081}.Release|Any CPU.Build.0 = Release|Any CPU
		{B4F139A3-D52A-4086-9B93-6CAD04C3742A}.Debug|Any CPU.ActiveCfg = Debug|Any CPU
		{B4F139A3-D52A-4086-9B93-6CAD04C3742A}.Debug|Any CPU.Build.0 = Debug|Any CPU
		{B4F139A3-D52A-4086-9B93-6CAD04C3742A}.Release|Any CPU.ActiveCfg = Release|Any CPU
		{B4F139A3-D52A-4086-9B93-6CAD04C3742A}.Release|Any CPU.Build.0 = Release|Any CPU
		{A5F9478E-CB1D-461A-A4F5-04CAD81C47C6}.Debug|Any CPU.ActiveCfg = Debug|Any CPU
		{A5F9478E-CB1D-461A-A4F5-04CAD81C47C6}.Debug|Any CPU.Build.0 = Debug|Any CPU
		{A5F9478E-CB1D-461A-A4F5-04CAD81C47C6}.Release|Any CPU.ActiveCfg = Release|Any CPU
		{A5F9478E-CB1D-461A-A4F5-04CAD81C47C6}.Release|Any CPU.Build.0 = Release|Any CPU
		{D56336D0-4F87-479D-BCB4-8C0DD696DE5E}.Debug|Any CPU.ActiveCfg = Debug|Any CPU
		{D56336D0-4F87-479D-BCB4-8C0DD696DE5E}.Debug|Any CPU.Build.0 = Debug|Any CPU
		{D56336D0-4F87-479D-BCB4-8C0DD696DE5E}.Release|Any CPU.ActiveCfg = Release|Any CPU
		{D56336D0-4F87-479D-BCB4-8C0DD696DE5E}.Release|Any CPU.Build.0 = Release|Any CPU
	EndGlobalSection
	GlobalSection(SolutionProperties) = preSolution
		HideSolutionNode = FALSE
	EndGlobalSection
	GlobalSection(ExtensibilityGlobals) = postSolution
		SolutionGuid = {D3B7B4C5-AE5F-4CA1-B63E-C039C4D3CBC4}
	EndGlobalSection
EndGlobal
